
Microsoft Visual Studio Solution File, Format Version 12.00
# Visual Studio Version 17
VisualStudioVersion = 17.8.34330.188
MinimumVisualStudioVersion = 10.0.40219.1
Project("{FAE04EC0-301F-11D3-BF4B-00C04F79EFBC}") = "yesilcam_cinema_information_system", "yesilcam_cinema_information_system\yesilcam_cinema_information_system.csproj", "{1D7F9FF9-B503-4EA7-AD52-461AEEE6C376}"
EndProject
Global
	GlobalSection(SolutionConfigurationPlatforms) = preSolution
		Debug|Any CPU = Debug|Any CPU
		Release|Any CPU = Release|Any CPU
	EndGlobalSection
	GlobalSection(ProjectConfigurationPlatforms) = postSolution
		{1D7F9FF9-B503-4EA7-AD52-461AEEE6C376}.Debug|Any CPU.ActiveCfg = Debug|Any CPU
		{1D7F9FF9-B503-4EA7-AD52-461AEEE6C376}.Debug|Any CPU.Build.0 = Debug|Any CPU
		{1D7F9FF9-B503-4EA7-AD52-461AEEE6C376}.Release|Any CPU.ActiveCfg = Release|Any CPU
		{1D7F9FF9-B503-4EA7-AD52-461AEEE6C376}.Release|Any CPU.Build.0 = Release|Any CPU
	EndGlobalSection
	GlobalSection(SolutionProperties) = preSolution
		HideSolutionNode = FALSE
	EndGlobalSection
	GlobalSection(ExtensibilityGlobals) = postSolution
		SolutionGuid = {1E09499F-382A-4BD6-9231-E8A7AAFD6552}
	EndGlobalSection
EndGlobal
